
Microsoft Visual Studio Solution File, Format Version 12.00
# Visual Studio Version 17
VisualStudioVersion = 17.0.31903.59
MinimumVisualStudioVersion = 10.0.40219.1
Project("{2150E333-8FDC-42A3-9474-1A3956D46DE8}") = "src", "src", "{E8FF5D7B-A0BB-4973-9F54-6228B476BC5D}"
EndProject
Project("{2150E333-8FDC-42A3-9474-1A3956D46DE8}") = "test", "test", "{C49230AD-5134-4A6E-8F85-8D80CDE6ED36}"
EndProject
Project("{2150E333-8FDC-42A3-9474-1A3956D46DE8}") = "Application", "Application", "{33B3B277-13B2-4CF9-95FF-CB2309FCD807}"
EndProject
Project("{2150E333-8FDC-42A3-9474-1A3956D46DE8}") = "Core", "Core", "{C39C9074-3DD8-4DEA-8225-A3AB2B49F1D9}"
EndProject
Project("{2150E333-8FDC-42A3-9474-1A3956D46DE8}") = "Infrastructure", "Infrastructure", "{28E0840E-1941-43A4-A833-E16B2097AEE7}"
EndProject
Project("{9A19103F-16F7-4668-BE54-9A1E7A4F7556}") = "API", "Application\API\API.csproj", "{01F9F0FC-A8EC-4672-AE39-4FAA85261DFE}"
EndProject
Project("{9A19103F-16F7-4668-BE54-9A1E7A4F7556}") = "Application", "Application\Application\Application.csproj", "{1B0536E9-6A7F-48CA-9FD0-218E06A2E33C}"
EndProject
Project("{9A19103F-16F7-4668-BE54-9A1E7A4F7556}") = "Data", "Core\Data\Data.csproj", "{43231A5B-5683-4149-A2A0-6C19CD3B96B3}"
EndProject
Project("{9A19103F-16F7-4668-BE54-9A1E7A4F7556}") = "Domain", "Core\Domain\Domain.csproj", "{32E6DEE9-2106-4709-A2F9-7D1AA2C51BBB}"
EndProject
Project("{9A19103F-16F7-4668-BE54-9A1E7A4F7556}") = "Infrastructure", "Infrastructure\Infrastructure\Infrastructure.csproj", "{5C94E568-063E-400F-929C-4CFC4B3E02FD}"
EndProject
Project("{9A19103F-16F7-4668-BE54-9A1E7A4F7556}") = "Repository", "Infrastructure\Repository\Repository.csproj", "{EA779D15-245C-4470-9560-949A8AE232D0}"
EndProject
Project("{9A19103F-16F7-4668-BE54-9A1E7A4F7556}") = "Domain.Test", "..\test\Domain.Test\Domain.Test.csproj", "{E175E05B-7E98-4399-9B4B-6C4BAC1FF0CF}"
EndProject
Project("{2150E333-8FDC-42A3-9474-1A3956D46DE8}") = "Core", "Core", "{4CB84BFD-213D-4E68-9B3A-12D9B9B94950}"
EndProject
Project("{2150E333-8FDC-42A3-9474-1A3956D46DE8}") = "Unit", "Unit", "{877CF567-39E8-4978-98DA-92E1E339A074}"
EndProject
Project("{2150E333-8FDC-42A3-9474-1A3956D46DE8}") = "Application", "Application", "{E04BD594-BFE6-4E2C-A7BF-59BB526FD498}"
EndProject
Project("{9A19103F-16F7-4668-BE54-9A1E7A4F7556}") = "API.Test", "..\test\API.Test\API.Test.csproj", "{8118A77B-5ECF-47B2-A008-23A21EA811EF}"
EndProject
Project("{FAE04EC0-301F-11D3-BF4B-00C04F79EFBC}") = "Application.Test", "..\test\Application.Test\Application.Test.csproj", "{19AA4913-B8C5-46DD-ADFD-CA704C8DB29E}"
EndProject
Global
	GlobalSection(SolutionConfigurationPlatforms) = preSolution
		Debug|Any CPU = Debug|Any CPU
		Release|Any CPU = Release|Any CPU
	EndGlobalSection
	GlobalSection(ProjectConfigurationPlatforms) = postSolution
		{01F9F0FC-A8EC-4672-AE39-4FAA85261DFE}.Debug|Any CPU.ActiveCfg = Debug|Any CPU
		{01F9F0FC-A8EC-4672-AE39-4FAA85261DFE}.Debug|Any CPU.Build.0 = Debug|Any CPU
		{01F9F0FC-A8EC-4672-AE39-4FAA85261DFE}.Release|Any CPU.ActiveCfg = Release|Any CPU
		{01F9F0FC-A8EC-4672-AE39-4FAA85261DFE}.Release|Any CPU.Build.0 = Release|Any CPU
		{1B0536E9-6A7F-48CA-9FD0-218E06A2E33C}.Debug|Any CPU.ActiveCfg = Debug|Any CPU
		{1B0536E9-6A7F-48CA-9FD0-218E06A2E33C}.Debug|Any CPU.Build.0 = Debug|Any CPU
		{1B0536E9-6A7F-48CA-9FD0-218E06A2E33C}.Release|Any CPU.ActiveCfg = Release|Any CPU
		{1B0536E9-6A7F-48CA-9FD0-218E06A2E33C}.Release|Any CPU.Build.0 = Release|Any CPU
		{43231A5B-5683-4149-A2A0-6C19CD3B96B3}.Debug|Any CPU.ActiveCfg = Debug|Any CPU
		{43231A5B-5683-4149-A2A0-6C19CD3B96B3}.Debug|Any CPU.Build.0 = Debug|Any CPU
		{43231A5B-5683-4149-A2A0-6C19CD3B96B3}.Release|Any CPU.ActiveCfg = Release|Any CPU
		{43231A5B-5683-4149-A2A0-6C19CD3B96B3}.Release|Any CPU.Build.0 = Release|Any CPU
		{32E6DEE9-2106-4709-A2F9-7D1AA2C51BBB}.Debug|Any CPU.ActiveCfg = Debug|Any CPU
		{32E6DEE9-2106-4709-A2F9-7D1AA2C51BBB}.Debug|Any CPU.Build.0 = Debug|Any CPU
		{32E6DEE9-2106-4709-A2F9-7D1AA2C51BBB}.Release|Any CPU.ActiveCfg = Release|Any CPU
		{32E6DEE9-2106-4709-A2F9-7D1AA2C51BBB}.Release|Any CPU.Build.0 = Release|Any CPU
		{5C94E568-063E-400F-929C-4CFC4B3E02FD}.Debug|Any CPU.ActiveCfg = Debug|Any CPU
		{5C94E568-063E-400F-929C-4CFC4B3E02FD}.Debug|Any CPU.Build.0 = Debug|Any CPU
		{5C94E568-063E-400F-929C-4CFC4B3E02FD}.Release|Any CPU.ActiveCfg = Release|Any CPU
		{5C94E568-063E-400F-929C-4CFC4B3E02FD}.Release|Any CPU.Build.0 = Release|Any CPU
		{EA779D15-245C-4470-9560-949A8AE232D0}.Debug|Any CPU.ActiveCfg = Debug|Any CPU
		{EA779D15-245C-4470-9560-949A8AE232D0}.Debug|Any CPU.Build.0 = Debug|Any CPU
		{EA779D15-245C-4470-9560-949A8AE232D0}.Release|Any CPU.ActiveCfg = Release|Any CPU
		{EA779D15-245C-4470-9560-949A8AE232D0}.Release|Any CPU.Build.0 = Release|Any CPU
		{E175E05B-7E98-4399-9B4B-6C4BAC1FF0CF}.Debug|Any CPU.ActiveCfg = Debug|Any CPU
		{E175E05B-7E98-4399-9B4B-6C4BAC1FF0CF}.Debug|Any CPU.Build.0 = Debug|Any CPU
		{E175E05B-7E98-4399-9B4B-6C4BAC1FF0CF}.Release|Any CPU.ActiveCfg = Release|Any CPU
		{E175E05B-7E98-4399-9B4B-6C4BAC1FF0CF}.Release|Any CPU.Build.0 = Release|Any CPU
		{8118A77B-5ECF-47B2-A008-23A21EA811EF}.Debug|Any CPU.ActiveCfg = Debug|Any CPU
		{8118A77B-5ECF-47B2-A008-23A21EA811EF}.Debug|Any CPU.Build.0 = Debug|Any CPU
		{8118A77B-5ECF-47B2-A008-23A21EA811EF}.Release|Any CPU.ActiveCfg = Release|Any CPU
		{8118A77B-5ECF-47B2-A008-23A21EA811EF}.Release|Any CPU.Build.0 = Release|Any CPU
		{19AA4913-B8C5-46DD-ADFD-CA704C8DB29E}.Debug|Any CPU.ActiveCfg = Debug|Any CPU
		{19AA4913-B8C5-46DD-ADFD-CA704C8DB29E}.Debug|Any CPU.Build.0 = Debug|Any CPU
		{19AA4913-B8C5-46DD-ADFD-CA704C8DB29E}.Release|Any CPU.ActiveCfg = Release|Any CPU
		{19AA4913-B8C5-46DD-ADFD-CA704C8DB29E}.Release|Any CPU.Build.0 = Release|Any CPU
	EndGlobalSection
	GlobalSection(SolutionProperties) = preSolution
		HideSolutionNode = FALSE
	EndGlobalSection
	GlobalSection(NestedProjects) = preSolution
		{33B3B277-13B2-4CF9-95FF-CB2309FCD807} = {E8FF5D7B-A0BB-4973-9F54-6228B476BC5D}
		{C39C9074-3DD8-4DEA-8225-A3AB2B49F1D9} = {E8FF5D7B-A0BB-4973-9F54-6228B476BC5D}
		{28E0840E-1941-43A4-A833-E16B2097AEE7} = {E8FF5D7B-A0BB-4973-9F54-6228B476BC5D}
		{01F9F0FC-A8EC-4672-AE39-4FAA85261DFE} = {33B3B277-13B2-4CF9-95FF-CB2309FCD807}
		{1B0536E9-6A7F-48CA-9FD0-218E06A2E33C} = {33B3B277-13B2-4CF9-95FF-CB2309FCD807}
		{43231A5B-5683-4149-A2A0-6C19CD3B96B3} = {C39C9074-3DD8-4DEA-8225-A3AB2B49F1D9}
		{32E6DEE9-2106-4709-A2F9-7D1AA2C51BBB} = {C39C9074-3DD8-4DEA-8225-A3AB2B49F1D9}
		{5C94E568-063E-400F-929C-4CFC4B3E02FD} = {28E0840E-1941-43A4-A833-E16B2097AEE7}
		{EA779D15-245C-4470-9560-949A8AE232D0} = {28E0840E-1941-43A4-A833-E16B2097AEE7}
		{E175E05B-7E98-4399-9B4B-6C4BAC1FF0CF} = {4CB84BFD-213D-4E68-9B3A-12D9B9B94950}
		{4CB84BFD-213D-4E68-9B3A-12D9B9B94950} = {877CF567-39E8-4978-98DA-92E1E339A074}
		{877CF567-39E8-4978-98DA-92E1E339A074} = {C49230AD-5134-4A6E-8F85-8D80CDE6ED36}
		{E04BD594-BFE6-4E2C-A7BF-59BB526FD498} = {877CF567-39E8-4978-98DA-92E1E339A074}
		{8118A77B-5ECF-47B2-A008-23A21EA811EF} = {E04BD594-BFE6-4E2C-A7BF-59BB526FD498}
		{19AA4913-B8C5-46DD-ADFD-CA704C8DB29E} = {E04BD594-BFE6-4E2C-A7BF-59BB526FD498}
	EndGlobalSection
	GlobalSection(ExtensibilityGlobals) = postSolution
		SolutionGuid = {F4668CF6-138E-4651-8F74-5AA2988D9797}
	EndGlobalSection
EndGlobal
